// !$*UTF8*$!
{
	archiveVersion = 1;
	classes = {
	};
	objectVersion = 50;
	objects = {

/* Begin PBXBuildFile section */
		3AA039FC07518E89347C2D35 /* Pods_RKExtensions_ObjC.framework in Frameworks */ = {isa = PBXBuildFile; fileRef = A76BDD0565DDC40FAAD13404 /* Pods_RKExtensions_ObjC.framework */; };
		B45D1FFDBE5A419EF7C87A83 /* Pods_RKExtensions_Swift.framework in Frameworks */ = {isa = PBXBuildFile; fileRef = BC64A8CE2B7C5E30A59D31FD /* Pods_RKExtensions_Swift.framework */; };
		E912345C20F7346900E7C599 /* RKTabBarController.swift in Sources */ = {isa = PBXBuildFile; fileRef = E912345B20F7346900E7C599 /* RKTabBarController.swift */; };
		E912345E20F73BCD00E7C599 /* RKNavigationController.swift in Sources */ = {isa = PBXBuildFile; fileRef = E912345D20F73BCD00E7C599 /* RKNavigationController.swift */; };
		E912346020F748BA00E7C599 /* RKViewController.swift in Sources */ = {isa = PBXBuildFile; fileRef = E912345F20F748BA00E7C599 /* RKViewController.swift */; };
		E91E054320ECC66000B4ABC5 /* UIImage+RKExtension.m in Sources */ = {isa = PBXBuildFile; fileRef = E91E054120ECC66000B4ABC5 /* UIImage+RKExtension.m */; };
		E91E054720ECC7F300B4ABC5 /* UIColor+RKExtension.m in Sources */ = {isa = PBXBuildFile; fileRef = E91E054620ECC7F300B4ABC5 /* UIColor+RKExtension.m */; };
		E91E054A20ECCC1B00B4ABC5 /* RKCoverView.m in Sources */ = {isa = PBXBuildFile; fileRef = E91E054920ECCC1B00B4ABC5 /* RKCoverView.m */; };
		E91E1A7320F251AA00A819C1 /* String+RKExtension.swift in Sources */ = {isa = PBXBuildFile; fileRef = E91E1A7220F251AA00A819C1 /* String+RKExtension.swift */; };
		E91E1A7520F251F800A819C1 /* RKPrefixHeader.swift in Sources */ = {isa = PBXBuildFile; fileRef = E91E1A7420F251F800A819C1 /* RKPrefixHeader.swift */; };
		E96ED0F420C42975004D5097 /* AppDelegate.m in Sources */ = {isa = PBXBuildFile; fileRef = E96ED0F320C42975004D5097 /* AppDelegate.m */; };
		E96ED0F720C42975004D5097 /* ViewController.m in Sources */ = {isa = PBXBuildFile; fileRef = E96ED0F620C42975004D5097 /* ViewController.m */; };
		E96ED0FA20C42975004D5097 /* Main.storyboard in Resources */ = {isa = PBXBuildFile; fileRef = E96ED0F820C42975004D5097 /* Main.storyboard */; };
		E96ED0FC20C42976004D5097 /* Assets.xcassets in Resources */ = {isa = PBXBuildFile; fileRef = E96ED0FB20C42976004D5097 /* Assets.xcassets */; };
		E96ED0FF20C42976004D5097 /* LaunchScreen.storyboard in Resources */ = {isa = PBXBuildFile; fileRef = E96ED0FD20C42976004D5097 /* LaunchScreen.storyboard */; };
		E96ED10220C42976004D5097 /* main.m in Sources */ = {isa = PBXBuildFile; fileRef = E96ED10120C42976004D5097 /* main.m */; };
		E96ED10D20C42998004D5097 /* AppDelegate.swift in Sources */ = {isa = PBXBuildFile; fileRef = E96ED10C20C42998004D5097 /* AppDelegate.swift */; };
		E96ED10F20C42998004D5097 /* ViewController.swift in Sources */ = {isa = PBXBuildFile; fileRef = E96ED10E20C42998004D5097 /* ViewController.swift */; };
		E96ED11220C42998004D5097 /* Main.storyboard in Resources */ = {isa = PBXBuildFile; fileRef = E96ED11020C42998004D5097 /* Main.storyboard */; };
		E96ED11420C42999004D5097 /* Assets.xcassets in Resources */ = {isa = PBXBuildFile; fileRef = E96ED11320C42999004D5097 /* Assets.xcassets */; };
		E96ED11720C42999004D5097 /* LaunchScreen.storyboard in Resources */ = {isa = PBXBuildFile; fileRef = E96ED11520C42999004D5097 /* LaunchScreen.storyboard */; };
		E96ED12C20C4306B004D5097 /* NSArray+RKExtension.m in Sources */ = {isa = PBXBuildFile; fileRef = E96ED12620C4306B004D5097 /* NSArray+RKExtension.m */; };
		E96ED12D20C4306B004D5097 /* UIView+RKExtension.m in Sources */ = {isa = PBXBuildFile; fileRef = E96ED12720C4306B004D5097 /* UIView+RKExtension.m */; };
		E96ED13020C430DD004D5097 /* RKButton.m in Sources */ = {isa = PBXBuildFile; fileRef = E96ED12F20C430DD004D5097 /* RKButton.m */; };
		E96ED13320C4328A004D5097 /* RKNavigationController.m in Sources */ = {isa = PBXBuildFile; fileRef = E96ED13220C4328A004D5097 /* RKNavigationController.m */; };
		E96ED13620C4354F004D5097 /* RKTabBarController.m in Sources */ = {isa = PBXBuildFile; fileRef = E96ED13520C4354F004D5097 /* RKTabBarController.m */; };
		E96ED13920C436E4004D5097 /* RKViewController.m in Sources */ = {isa = PBXBuildFile; fileRef = E96ED13820C436E4004D5097 /* RKViewController.m */; };
		E96ED13C20C43865004D5097 /* RKLabel.m in Sources */ = {isa = PBXBuildFile; fileRef = E96ED13B20C43865004D5097 /* RKLabel.m */; };
		E96ED13F20C43897004D5097 /* RKTextField.m in Sources */ = {isa = PBXBuildFile; fileRef = E96ED13E20C43897004D5097 /* RKTextField.m */; };
		E96ED14220C43901004D5097 /* NSData+RKExtension.m in Sources */ = {isa = PBXBuildFile; fileRef = E96ED14120C43901004D5097 /* NSData+RKExtension.m */; };
		E96ED14520C43937004D5097 /* NSString+RKExtension.m in Sources */ = {isa = PBXBuildFile; fileRef = E96ED14420C43937004D5097 /* NSString+RKExtension.m */; };
		E9A2D0A821899FDA0065692A /* UIDevice+RKMachineModel.m in Sources */ = {isa = PBXBuildFile; fileRef = E9A2D0A721899FDA0065692A /* UIDevice+RKMachineModel.m */; };
		E9A2D0AA2189A0380065692A /* iOS MachineModel.json in Resources */ = {isa = PBXBuildFile; fileRef = E9A2D0A92189A0380065692A /* iOS MachineModel.json */; };
		E9A2D0AB2189A0380065692A /* iOS MachineModel.json in Resources */ = {isa = PBXBuildFile; fileRef = E9A2D0A92189A0380065692A /* iOS MachineModel.json */; };
		E9D45E8820CD2B97008E1AB9 /* TestCategoryViewController.m in Sources */ = {isa = PBXBuildFile; fileRef = E9D45E8720CD2B97008E1AB9 /* TestCategoryViewController.m */; };
/* End PBXBuildFile section */

/* Begin PBXFileReference section */
		105EEBBD1C1E4392E693DA17 /* Pods-RKExtensions.debug.xcconfig */ = {isa = PBXFileReference; includeInIndex = 1; lastKnownFileType = text.xcconfig; name = "Pods-RKExtensions.debug.xcconfig"; path = "../Pods/Target Support Files/Pods-RKExtensions/Pods-RKExtensions.debug.xcconfig"; sourceTree = "<group>"; };
		2E21E3990ED9E492AEF45A0C /* Pods_RKExtensions.framework */ = {isa = PBXFileReference; explicitFileType = wrapper.framework; includeInIndex = 0; path = Pods_RKExtensions.framework; sourceTree = BUILT_PRODUCTS_DIR; };
		498AB96BB449B121323586F1 /* Pods-RKExtensions-ObjC.debug.xcconfig */ = {isa = PBXFileReference; includeInIndex = 1; lastKnownFileType = text.xcconfig; name = "Pods-RKExtensions-ObjC.debug.xcconfig"; path = "../Pods/Target Support Files/Pods-RKExtensions-ObjC/Pods-RKExtensions-ObjC.debug.xcconfig"; sourceTree = "<group>"; };
		5EC0EADFCD4D24B302733C51 /* Pods-RKExtensions-ObjC.release.xcconfig */ = {isa = PBXFileReference; includeInIndex = 1; lastKnownFileType = text.xcconfig; name = "Pods-RKExtensions-ObjC.release.xcconfig"; path = "../Pods/Target Support Files/Pods-RKExtensions-ObjC/Pods-RKExtensions-ObjC.release.xcconfig"; sourceTree = "<group>"; };
		87E39DC0B120E2392597EF89 /* Pods-RKExtensions.release.xcconfig */ = {isa = PBXFileReference; includeInIndex = 1; lastKnownFileType = text.xcconfig; name = "Pods-RKExtensions.release.xcconfig"; path = "../Pods/Target Support Files/Pods-RKExtensions/Pods-RKExtensions.release.xcconfig"; sourceTree = "<group>"; };
		A76BDD0565DDC40FAAD13404 /* Pods_RKExtensions_ObjC.framework */ = {isa = PBXFileReference; explicitFileType = wrapper.framework; includeInIndex = 0; path = Pods_RKExtensions_ObjC.framework; sourceTree = BUILT_PRODUCTS_DIR; };
		BC64A8CE2B7C5E30A59D31FD /* Pods_RKExtensions_Swift.framework */ = {isa = PBXFileReference; explicitFileType = wrapper.framework; includeInIndex = 0; path = Pods_RKExtensions_Swift.framework; sourceTree = BUILT_PRODUCTS_DIR; };
		CC4F9CF706AE58914ECEB942 /* Pods-RKExtensions-Swift.debug.xcconfig */ = {isa = PBXFileReference; includeInIndex = 1; lastKnownFileType = text.xcconfig; name = "Pods-RKExtensions-Swift.debug.xcconfig"; path = "../Pods/Target Support Files/Pods-RKExtensions-Swift/Pods-RKExtensions-Swift.debug.xcconfig"; sourceTree = "<group>"; };
		E912345B20F7346900E7C599 /* RKTabBarController.swift */ = {isa = PBXFileReference; lastKnownFileType = sourcecode.swift; path = RKTabBarController.swift; sourceTree = "<group>"; };
		E912345D20F73BCD00E7C599 /* RKNavigationController.swift */ = {isa = PBXFileReference; lastKnownFileType = sourcecode.swift; path = RKNavigationController.swift; sourceTree = "<group>"; };
		E912345F20F748BA00E7C599 /* RKViewController.swift */ = {isa = PBXFileReference; lastKnownFileType = sourcecode.swift; path = RKViewController.swift; sourceTree = "<group>"; };
		E91422C92239E27400FA03F6 /* RKExtensions-ObjC.entitlements */ = {isa = PBXFileReference; lastKnownFileType = text.plist.entitlements; path = "RKExtensions-ObjC.entitlements"; sourceTree = "<group>"; };
		E91E054120ECC66000B4ABC5 /* UIImage+RKExtension.m */ = {isa = PBXFileReference; fileEncoding = 4; lastKnownFileType = sourcecode.c.objc; path = "UIImage+RKExtension.m"; sourceTree = "<group>"; };
		E91E054220ECC66000B4ABC5 /* UIImage+RKExtension.h */ = {isa = PBXFileReference; fileEncoding = 4; lastKnownFileType = sourcecode.c.h; path = "UIImage+RKExtension.h"; sourceTree = "<group>"; };
		E91E054420ECC76100B4ABC5 /* RKExtensionHeader.h */ = {isa = PBXFileReference; lastKnownFileType = sourcecode.c.h; path = RKExtensionHeader.h; sourceTree = "<group>"; };
		E91E054520ECC7F300B4ABC5 /* UIColor+RKExtension.h */ = {isa = PBXFileReference; lastKnownFileType = sourcecode.c.h; path = "UIColor+RKExtension.h"; sourceTree = "<group>"; };
		E91E054620ECC7F300B4ABC5 /* UIColor+RKExtension.m */ = {isa = PBXFileReference; lastKnownFileType = sourcecode.c.objc; path = "UIColor+RKExtension.m"; sourceTree = "<group>"; };
		E91E054820ECCC1B00B4ABC5 /* RKCoverView.h */ = {isa = PBXFileReference; lastKnownFileType = sourcecode.c.h; path = RKCoverView.h; sourceTree = "<group>"; };
		E91E054920ECCC1B00B4ABC5 /* RKCoverView.m */ = {isa = PBXFileReference; lastKnownFileType = sourcecode.c.objc; path = RKCoverView.m; sourceTree = "<group>"; };
		E91E1A7220F251AA00A819C1 /* String+RKExtension.swift */ = {isa = PBXFileReference; lastKnownFileType = sourcecode.swift; path = "String+RKExtension.swift"; sourceTree = "<group>"; };
		E91E1A7420F251F800A819C1 /* RKPrefixHeader.swift */ = {isa = PBXFileReference; lastKnownFileType = sourcecode.swift; path = RKPrefixHeader.swift; sourceTree = "<group>"; };
		E96ED0F020C42975004D5097 /* RKExtensions-ObjC.app */ = {isa = PBXFileReference; explicitFileType = wrapper.application; includeInIndex = 0; path = "RKExtensions-ObjC.app"; sourceTree = BUILT_PRODUCTS_DIR; };
		E96ED0F220C42975004D5097 /* AppDelegate.h */ = {isa = PBXFileReference; lastKnownFileType = sourcecode.c.h; path = AppDelegate.h; sourceTree = "<group>"; };
		E96ED0F320C42975004D5097 /* AppDelegate.m */ = {isa = PBXFileReference; lastKnownFileType = sourcecode.c.objc; path = AppDelegate.m; sourceTree = "<group>"; };
		E96ED0F520C42975004D5097 /* ViewController.h */ = {isa = PBXFileReference; lastKnownFileType = sourcecode.c.h; path = ViewController.h; sourceTree = "<group>"; };
		E96ED0F620C42975004D5097 /* ViewController.m */ = {isa = PBXFileReference; lastKnownFileType = sourcecode.c.objc; path = ViewController.m; sourceTree = "<group>"; };
		E96ED0F920C42975004D5097 /* Base */ = {isa = PBXFileReference; lastKnownFileType = file.storyboard; name = Base; path = Base.lproj/Main.storyboard; sourceTree = "<group>"; };
		E96ED0FB20C42976004D5097 /* Assets.xcassets */ = {isa = PBXFileReference; lastKnownFileType = folder.assetcatalog; path = Assets.xcassets; sourceTree = "<group>"; };
		E96ED0FE20C42976004D5097 /* Base */ = {isa = PBXFileReference; lastKnownFileType = file.storyboard; name = Base; path = Base.lproj/LaunchScreen.storyboard; sourceTree = "<group>"; };
		E96ED10020C42976004D5097 /* Info.plist */ = {isa = PBXFileReference; lastKnownFileType = text.plist.xml; path = Info.plist; sourceTree = "<group>"; };
		E96ED10120C42976004D5097 /* main.m */ = {isa = PBXFileReference; lastKnownFileType = sourcecode.c.objc; path = main.m; sourceTree = "<group>"; };
		E96ED10A20C42998004D5097 /* RKExtensions-Swift.app */ = {isa = PBXFileReference; explicitFileType = wrapper.application; includeInIndex = 0; path = "RKExtensions-Swift.app"; sourceTree = BUILT_PRODUCTS_DIR; };
		E96ED10C20C42998004D5097 /* AppDelegate.swift */ = {isa = PBXFileReference; lastKnownFileType = sourcecode.swift; path = AppDelegate.swift; sourceTree = "<group>"; };
		E96ED10E20C42998004D5097 /* ViewController.swift */ = {isa = PBXFileReference; lastKnownFileType = sourcecode.swift; path = ViewController.swift; sourceTree = "<group>"; };
		E96ED11120C42998004D5097 /* Base */ = {isa = PBXFileReference; lastKnownFileType = file.storyboard; name = Base; path = Base.lproj/Main.storyboard; sourceTree = "<group>"; };
		E96ED11320C42999004D5097 /* Assets.xcassets */ = {isa = PBXFileReference; lastKnownFileType = folder.assetcatalog; path = Assets.xcassets; sourceTree = "<group>"; };
		E96ED11620C42999004D5097 /* Base */ = {isa = PBXFileReference; lastKnownFileType = file.storyboard; name = Base; path = Base.lproj/LaunchScreen.storyboard; sourceTree = "<group>"; };
		E96ED11820C42999004D5097 /* Info.plist */ = {isa = PBXFileReference; lastKnownFileType = text.plist.xml; path = Info.plist; sourceTree = "<group>"; };
		E96ED11E20C42ADC004D5097 /* PrefixHeader.pch */ = {isa = PBXFileReference; lastKnownFileType = sourcecode.c.h; path = PrefixHeader.pch; sourceTree = "<group>"; };
		E96ED12620C4306B004D5097 /* NSArray+RKExtension.m */ = {isa = PBXFileReference; fileEncoding = 4; lastKnownFileType = sourcecode.c.objc; path = "NSArray+RKExtension.m"; sourceTree = "<group>"; };
		E96ED12720C4306B004D5097 /* UIView+RKExtension.m */ = {isa = PBXFileReference; fileEncoding = 4; lastKnownFileType = sourcecode.c.objc; path = "UIView+RKExtension.m"; sourceTree = "<group>"; };
		E96ED12820C4306B004D5097 /* NSArray+RKExtension.h */ = {isa = PBXFileReference; fileEncoding = 4; lastKnownFileType = sourcecode.c.h; path = "NSArray+RKExtension.h"; sourceTree = "<group>"; };
		E96ED12920C4306B004D5097 /* UIView+RKExtension.h */ = {isa = PBXFileReference; fileEncoding = 4; lastKnownFileType = sourcecode.c.h; path = "UIView+RKExtension.h"; sourceTree = "<group>"; };
		E96ED12E20C430DD004D5097 /* RKButton.h */ = {isa = PBXFileReference; fileEncoding = 4; lastKnownFileType = sourcecode.c.h; path = RKButton.h; sourceTree = "<group>"; };
		E96ED12F20C430DD004D5097 /* RKButton.m */ = {isa = PBXFileReference; fileEncoding = 4; lastKnownFileType = sourcecode.c.objc; path = RKButton.m; sourceTree = "<group>"; };
		E96ED13120C43289004D5097 /* RKNavigationController.h */ = {isa = PBXFileReference; lastKnownFileType = sourcecode.c.h; path = RKNavigationController.h; sourceTree = "<group>"; };
		E96ED13220C4328A004D5097 /* RKNavigationController.m */ = {isa = PBXFileReference; lastKnownFileType = sourcecode.c.objc; path = RKNavigationController.m; sourceTree = "<group>"; };
		E96ED13420C4354F004D5097 /* RKTabBarController.h */ = {isa = PBXFileReference; lastKnownFileType = sourcecode.c.h; path = RKTabBarController.h; sourceTree = "<group>"; };
		E96ED13520C4354F004D5097 /* RKTabBarController.m */ = {isa = PBXFileReference; lastKnownFileType = sourcecode.c.objc; path = RKTabBarController.m; sourceTree = "<group>"; };
		E96ED13720C436E4004D5097 /* RKViewController.h */ = {isa = PBXFileReference; lastKnownFileType = sourcecode.c.h; path = RKViewController.h; sourceTree = "<group>"; };
		E96ED13820C436E4004D5097 /* RKViewController.m */ = {isa = PBXFileReference; lastKnownFileType = sourcecode.c.objc; path = RKViewController.m; sourceTree = "<group>"; };
		E96ED13A20C43865004D5097 /* RKLabel.h */ = {isa = PBXFileReference; lastKnownFileType = sourcecode.c.h; path = RKLabel.h; sourceTree = "<group>"; };
		E96ED13B20C43865004D5097 /* RKLabel.m */ = {isa = PBXFileReference; lastKnownFileType = sourcecode.c.objc; path = RKLabel.m; sourceTree = "<group>"; };
		E96ED13D20C43897004D5097 /* RKTextField.h */ = {isa = PBXFileReference; lastKnownFileType = sourcecode.c.h; path = RKTextField.h; sourceTree = "<group>"; };
		E96ED13E20C43897004D5097 /* RKTextField.m */ = {isa = PBXFileReference; lastKnownFileType = sourcecode.c.objc; path = RKTextField.m; sourceTree = "<group>"; };
		E96ED14020C43901004D5097 /* NSData+RKExtension.h */ = {isa = PBXFileReference; lastKnownFileType = sourcecode.c.h; path = "NSData+RKExtension.h"; sourceTree = "<group>"; };
		E96ED14120C43901004D5097 /* NSData+RKExtension.m */ = {isa = PBXFileReference; lastKnownFileType = sourcecode.c.objc; path = "NSData+RKExtension.m"; sourceTree = "<group>"; };
		E96ED14320C43937004D5097 /* NSString+RKExtension.h */ = {isa = PBXFileReference; lastKnownFileType = sourcecode.c.h; path = "NSString+RKExtension.h"; sourceTree = "<group>"; };
		E96ED14420C43937004D5097 /* NSString+RKExtension.m */ = {isa = PBXFileReference; lastKnownFileType = sourcecode.c.objc; path = "NSString+RKExtension.m"; sourceTree = "<group>"; };
		E9A2D0A621899FDA0065692A /* UIDevice+RKMachineModel.h */ = {isa = PBXFileReference; lastKnownFileType = sourcecode.c.h; path = "UIDevice+RKMachineModel.h"; sourceTree = "<group>"; };
		E9A2D0A721899FDA0065692A /* UIDevice+RKMachineModel.m */ = {isa = PBXFileReference; lastKnownFileType = sourcecode.c.objc; path = "UIDevice+RKMachineModel.m"; sourceTree = "<group>"; };
		E9A2D0A92189A0380065692A /* iOS MachineModel.json */ = {isa = PBXFileReference; fileEncoding = 4; lastKnownFileType = text.json; path = "iOS MachineModel.json"; sourceTree = "<group>"; };
		E9D45E8620CD2B97008E1AB9 /* TestCategoryViewController.h */ = {isa = PBXFileReference; lastKnownFileType = sourcecode.c.h; path = TestCategoryViewController.h; sourceTree = "<group>"; };
		E9D45E8720CD2B97008E1AB9 /* TestCategoryViewController.m */ = {isa = PBXFileReference; lastKnownFileType = sourcecode.c.objc; path = TestCategoryViewController.m; sourceTree = "<group>"; };
		F5CBD57704011AC4DED7AB61 /* Pods-RKExtensions-Swift.release.xcconfig */ = {isa = PBXFileReference; includeInIndex = 1; lastKnownFileType = text.xcconfig; name = "Pods-RKExtensions-Swift.release.xcconfig"; path = "../Pods/Target Support Files/Pods-RKExtensions-Swift/Pods-RKExtensions-Swift.release.xcconfig"; sourceTree = "<group>"; };
/* End PBXFileReference section */

/* Begin PBXFrameworksBuildPhase section */
		E96ED0ED20C42975004D5097 /* Frameworks */ = {
			isa = PBXFrameworksBuildPhase;
			buildActionMask = 2147483647;
			files = (
				3AA039FC07518E89347C2D35 /* Pods_RKExtensions_ObjC.framework in Frameworks */,
			);
			runOnlyForDeploymentPostprocessing = 0;
		};
		E96ED10720C42998004D5097 /* Frameworks */ = {
			isa = PBXFrameworksBuildPhase;
			buildActionMask = 2147483647;
			files = (
				B45D1FFDBE5A419EF7C87A83 /* Pods_RKExtensions_Swift.framework in Frameworks */,
			);
			runOnlyForDeploymentPostprocessing = 0;
		};
/* End PBXFrameworksBuildPhase section */

/* Begin PBXGroup section */
		1E189030376E40E60FE2DB61 /* Frameworks */ = {
			isa = PBXGroup;
			children = (
				2E21E3990ED9E492AEF45A0C /* Pods_RKExtensions.framework */,
				A76BDD0565DDC40FAAD13404 /* Pods_RKExtensions_ObjC.framework */,
				BC64A8CE2B7C5E30A59D31FD /* Pods_RKExtensions_Swift.framework */,
			);
			name = Frameworks;
			sourceTree = "<group>";
		};
		6533D60FE7B3CC1CB4045F8C /* Pods */ = {
			isa = PBXGroup;
			children = (
				105EEBBD1C1E4392E693DA17 /* Pods-RKExtensions.debug.xcconfig */,
				87E39DC0B120E2392597EF89 /* Pods-RKExtensions.release.xcconfig */,
				498AB96BB449B121323586F1 /* Pods-RKExtensions-ObjC.debug.xcconfig */,
				5EC0EADFCD4D24B302733C51 /* Pods-RKExtensions-ObjC.release.xcconfig */,
				CC4F9CF706AE58914ECEB942 /* Pods-RKExtensions-Swift.debug.xcconfig */,
				F5CBD57704011AC4DED7AB61 /* Pods-RKExtensions-Swift.release.xcconfig */,
			);
			name = Pods;
			sourceTree = "<group>";
		};
		E91E1A6F20F24ED500A819C1 /* Category */ = {
			isa = PBXGroup;
			children = (
				E91E1A7220F251AA00A819C1 /* String+RKExtension.swift */,
			);
			path = Category;
			sourceTree = "<group>";
		};
		E91E1A7020F24ED500A819C1 /* View */ = {
			isa = PBXGroup;
			children = (
			);
			path = View;
			sourceTree = "<group>";
		};
		E91E1A7120F24ED500A819C1 /* Controller */ = {
			isa = PBXGroup;
			children = (
				E912345B20F7346900E7C599 /* RKTabBarController.swift */,
				E912345D20F73BCD00E7C599 /* RKNavigationController.swift */,
				E912345F20F748BA00E7C599 /* RKViewController.swift */,
			);
			path = Controller;
			sourceTree = "<group>";
		};
		E96ED0C820C42716004D5097 = {
			isa = PBXGroup;
			children = (
				E96ED0F120C42975004D5097 /* RKExtensions-ObjC */,
				E96ED10B20C42998004D5097 /* RKExtensions-Swift */,
				E96ED0D220C42716004D5097 /* Products */,
				6533D60FE7B3CC1CB4045F8C /* Pods */,
				1E189030376E40E60FE2DB61 /* Frameworks */,
			);
			sourceTree = "<group>";
		};
		E96ED0D220C42716004D5097 /* Products */ = {
			isa = PBXGroup;
			children = (
				E96ED0F020C42975004D5097 /* RKExtensions-ObjC.app */,
				E96ED10A20C42998004D5097 /* RKExtensions-Swift.app */,
			);
			name = Products;
			sourceTree = "<group>";
		};
		E96ED0F120C42975004D5097 /* RKExtensions-ObjC */ = {
			isa = PBXGroup;
			children = (
				E91422C92239E27400FA03F6 /* RKExtensions-ObjC.entitlements */,
				E96ED0F820C42975004D5097 /* Main.storyboard */,
				E96ED0FD20C42976004D5097 /* LaunchScreen.storyboard */,
				E96ED0F220C42975004D5097 /* AppDelegate.h */,
				E96ED0F320C42975004D5097 /* AppDelegate.m */,
				E96ED0F520C42975004D5097 /* ViewController.h */,
				E96ED0F620C42975004D5097 /* ViewController.m */,
				E9D45E8620CD2B97008E1AB9 /* TestCategoryViewController.h */,
				E9D45E8720CD2B97008E1AB9 /* TestCategoryViewController.m */,
				E96ED11C20C42AB6004D5097 /* Classes */,
				E96ED0FB20C42976004D5097 /* Assets.xcassets */,
				E96ED10020C42976004D5097 /* Info.plist */,
				E96ED10120C42976004D5097 /* main.m */,
				E96ED11E20C42ADC004D5097 /* PrefixHeader.pch */,
				E9A2D0A92189A0380065692A /* iOS MachineModel.json */,
			);
			path = "RKExtensions-ObjC";
			sourceTree = "<group>";
		};
		E96ED10B20C42998004D5097 /* RKExtensions-Swift */ = {
			isa = PBXGroup;
			children = (
				E96ED11020C42998004D5097 /* Main.storyboard */,
				E96ED11520C42999004D5097 /* LaunchScreen.storyboard */,
				E96ED10C20C42998004D5097 /* AppDelegate.swift */,
				E96ED10E20C42998004D5097 /* ViewController.swift */,
				E96ED11D20C42AC4004D5097 /* Classes */,
				E96ED11320C42999004D5097 /* Assets.xcassets */,
				E96ED11820C42999004D5097 /* Info.plist */,
			);
			path = "RKExtensions-Swift";
			sourceTree = "<group>";
		};
		E96ED11C20C42AB6004D5097 /* Classes */ = {
			isa = PBXGroup;
			children = (
				E91E054420ECC76100B4ABC5 /* RKExtensionHeader.h */,
				E96ED12520C4306B004D5097 /* Category */,
				E96ED12B20C4306B004D5097 /* Controller */,
				E96ED12A20C4306B004D5097 /* View */,
			);
			path = Classes;
			sourceTree = "<group>";
		};
		E96ED11D20C42AC4004D5097 /* Classes */ = {
			isa = PBXGroup;
			children = (
				E91E1A6F20F24ED500A819C1 /* Category */,
				E91E1A7120F24ED500A819C1 /* Controller */,
				E91E1A7020F24ED500A819C1 /* View */,
				E91E1A7420F251F800A819C1 /* RKPrefixHeader.swift */,
			);
			path = Classes;
			sourceTree = "<group>";
		};
		E96ED12520C4306B004D5097 /* Category */ = {
			isa = PBXGroup;
			children = (
				E96ED12920C4306B004D5097 /* UIView+RKExtension.h */,
				E96ED12720C4306B004D5097 /* UIView+RKExtension.m */,
				E96ED12820C4306B004D5097 /* NSArray+RKExtension.h */,
				E96ED12620C4306B004D5097 /* NSArray+RKExtension.m */,
				E96ED14020C43901004D5097 /* NSData+RKExtension.h */,
				E96ED14120C43901004D5097 /* NSData+RKExtension.m */,
				E96ED14320C43937004D5097 /* NSString+RKExtension.h */,
				E96ED14420C43937004D5097 /* NSString+RKExtension.m */,
				E91E054220ECC66000B4ABC5 /* UIImage+RKExtension.h */,
				E91E054120ECC66000B4ABC5 /* UIImage+RKExtension.m */,
				E91E054520ECC7F300B4ABC5 /* UIColor+RKExtension.h */,
				E91E054620ECC7F300B4ABC5 /* UIColor+RKExtension.m */,
				E9A2D0A621899FDA0065692A /* UIDevice+RKMachineModel.h */,
				E9A2D0A721899FDA0065692A /* UIDevice+RKMachineModel.m */,
			);
			path = Category;
			sourceTree = "<group>";
		};
		E96ED12A20C4306B004D5097 /* View */ = {
			isa = PBXGroup;
			children = (
				E96ED12E20C430DD004D5097 /* RKButton.h */,
				E96ED12F20C430DD004D5097 /* RKButton.m */,
				E96ED13A20C43865004D5097 /* RKLabel.h */,
				E96ED13B20C43865004D5097 /* RKLabel.m */,
				E96ED13D20C43897004D5097 /* RKTextField.h */,
				E96ED13E20C43897004D5097 /* RKTextField.m */,
				E91E054820ECCC1B00B4ABC5 /* RKCoverView.h */,
				E91E054920ECCC1B00B4ABC5 /* RKCoverView.m */,
			);
			path = View;
			sourceTree = "<group>";
		};
		E96ED12B20C4306B004D5097 /* Controller */ = {
			isa = PBXGroup;
			children = (
				E96ED13420C4354F004D5097 /* RKTabBarController.h */,
				E96ED13520C4354F004D5097 /* RKTabBarController.m */,
				E96ED13120C43289004D5097 /* RKNavigationController.h */,
				E96ED13220C4328A004D5097 /* RKNavigationController.m */,
				E96ED13720C436E4004D5097 /* RKViewController.h */,
				E96ED13820C436E4004D5097 /* RKViewController.m */,
			);
			path = Controller;
			sourceTree = "<group>";
		};
/* End PBXGroup section */

/* Begin PBXNativeTarget section */
		E96ED0EF20C42975004D5097 /* RKExtensions-ObjC */ = {
			isa = PBXNativeTarget;
			buildConfigurationList = E96ED10320C42976004D5097 /* Build configuration list for PBXNativeTarget "RKExtensions-ObjC" */;
			buildPhases = (
				581115E7A60F0CEBD92DF773 /* [CP] Check Pods Manifest.lock */,
				E96ED0EC20C42975004D5097 /* Sources */,
				E96ED0ED20C42975004D5097 /* Frameworks */,
				E96ED0EE20C42975004D5097 /* Resources */,
				E0AEFABB9D60AAF5EF907CE4 /* [CP] Embed Pods Frameworks */,
			);
			buildRules = (
			);
			dependencies = (
			);
			name = "RKExtensions-ObjC";
			productName = "RKExtensions-ObjC";
			productReference = E96ED0F020C42975004D5097 /* RKExtensions-ObjC.app */;
			productType = "com.apple.product-type.application";
		};
		E96ED10920C42998004D5097 /* RKExtensions-Swift */ = {
			isa = PBXNativeTarget;
			buildConfigurationList = E96ED11920C42999004D5097 /* Build configuration list for PBXNativeTarget "RKExtensions-Swift" */;
			buildPhases = (
				5D61CBDBF62EA42E08883211 /* [CP] Check Pods Manifest.lock */,
				E96ED10620C42998004D5097 /* Sources */,
				E96ED10720C42998004D5097 /* Frameworks */,
				E96ED10820C42998004D5097 /* Resources */,
				FF329348A6CA5B0A5A0E283E /* [CP] Embed Pods Frameworks */,
			);
			buildRules = (
			);
			dependencies = (
			);
			name = "RKExtensions-Swift";
			productName = "RKExtensions-Swift";
			productReference = E96ED10A20C42998004D5097 /* RKExtensions-Swift.app */;
			productType = "com.apple.product-type.application";
		};
/* End PBXNativeTarget section */

/* Begin PBXProject section */
		E96ED0C920C42716004D5097 /* Project object */ = {
			isa = PBXProject;
			attributes = {
				LastSwiftUpdateCheck = 0940;
				LastUpgradeCheck = 0940;
				ORGANIZATIONNAME = peizhuo;
				TargetAttributes = {
					E96ED0EF20C42975004D5097 = {
						CreatedOnToolsVersion = 9.4;
						SystemCapabilities = {
							com.apple.ApplicationGroups.iOS = {
								enabled = 0;
							};
							com.apple.Keychain = {
								enabled = 0;
							};
						};
					};
					E96ED10920C42998004D5097 = {
						CreatedOnToolsVersion = 9.4;
						LastSwiftMigration = 1000;
					};
				};
			};
			buildConfigurationList = E96ED0CC20C42716004D5097 /* Build configuration list for PBXProject "RKExtensions" */;
			compatibilityVersion = "Xcode 9.3";
			developmentRegion = en;
			hasScannedForEncodings = 0;
			knownRegions = (
				en,
				Base,
			);
			mainGroup = E96ED0C820C42716004D5097;
			productRefGroup = E96ED0D220C42716004D5097 /* Products */;
			projectDirPath = "";
			projectRoot = "";
			targets = (
				E96ED0EF20C42975004D5097 /* RKExtensions-ObjC */,
				E96ED10920C42998004D5097 /* RKExtensions-Swift */,
			);
		};
/* End PBXProject section */

/* Begin PBXResourcesBuildPhase section */
		E96ED0EE20C42975004D5097 /* Resources */ = {
			isa = PBXResourcesBuildPhase;
			buildActionMask = 2147483647;
			files = (
				E96ED0FF20C42976004D5097 /* LaunchScreen.storyboard in Resources */,
				E96ED0FC20C42976004D5097 /* Assets.xcassets in Resources */,
				E9A2D0AA2189A0380065692A /* iOS MachineModel.json in Resources */,
				E96ED0FA20C42975004D5097 /* Main.storyboard in Resources */,
			);
			runOnlyForDeploymentPostprocessing = 0;
		};
		E96ED10820C42998004D5097 /* Resources */ = {
			isa = PBXResourcesBuildPhase;
			buildActionMask = 2147483647;
			files = (
				E96ED11720C42999004D5097 /* LaunchScreen.storyboard in Resources */,
				E96ED11420C42999004D5097 /* Assets.xcassets in Resources */,
				E9A2D0AB2189A0380065692A /* iOS MachineModel.json in Resources */,
				E96ED11220C42998004D5097 /* Main.storyboard in Resources */,
			);
			runOnlyForDeploymentPostprocessing = 0;
		};
/* End PBXResourcesBuildPhase section */

/* Begin PBXShellScriptBuildPhase section */
		581115E7A60F0CEBD92DF773 /* [CP] Check Pods Manifest.lock */ = {
			isa = PBXShellScriptBuildPhase;
			buildActionMask = 2147483647;
			files = (
			);
			inputPaths = (
				"${PODS_PODFILE_DIR_PATH}/Podfile.lock",
				"${PODS_ROOT}/Manifest.lock",
			);
			name = "[CP] Check Pods Manifest.lock";
			outputPaths = (
				"$(DERIVED_FILE_DIR)/Pods-RKExtensions-ObjC-checkManifestLockResult.txt",
			);
			runOnlyForDeploymentPostprocessing = 0;
			shellPath = /bin/sh;
			shellScript = "diff \"${PODS_PODFILE_DIR_PATH}/Podfile.lock\" \"${PODS_ROOT}/Manifest.lock\" > /dev/null\nif [ $? != 0 ] ; then\n    # print error to STDERR\n    echo \"error: The sandbox is not in sync with the Podfile.lock. Run 'pod install' or update your CocoaPods installation.\" >&2\n    exit 1\nfi\n# This output is used by Xcode 'outputs' to avoid re-running this script phase.\necho \"SUCCESS\" > \"${SCRIPT_OUTPUT_FILE_0}\"\n";
			showEnvVarsInLog = 0;
		};
		5D61CBDBF62EA42E08883211 /* [CP] Check Pods Manifest.lock */ = {
			isa = PBXShellScriptBuildPhase;
			buildActionMask = 2147483647;
			files = (
			);
			inputPaths = (
				"${PODS_PODFILE_DIR_PATH}/Podfile.lock",
				"${PODS_ROOT}/Manifest.lock",
			);
			name = "[CP] Check Pods Manifest.lock";
			outputPaths = (
				"$(DERIVED_FILE_DIR)/Pods-RKExtensions-Swift-checkManifestLockResult.txt",
			);
			runOnlyForDeploymentPostprocessing = 0;
			shellPath = /bin/sh;
			shellScript = "diff \"${PODS_PODFILE_DIR_PATH}/Podfile.lock\" \"${PODS_ROOT}/Manifest.lock\" > /dev/null\nif [ $? != 0 ] ; then\n    # print error to STDERR\n    echo \"error: The sandbox is not in sync with the Podfile.lock. Run 'pod install' or update your CocoaPods installation.\" >&2\n    exit 1\nfi\n# This output is used by Xcode 'outputs' to avoid re-running this script phase.\necho \"SUCCESS\" > \"${SCRIPT_OUTPUT_FILE_0}\"\n";
			showEnvVarsInLog = 0;
		};
		E0AEFABB9D60AAF5EF907CE4 /* [CP] Embed Pods Frameworks */ = {
			isa = PBXShellScriptBuildPhase;
			buildActionMask = 2147483647;
			files = (
			);
			inputPaths = (
				"${SRCROOT}/../Pods/Target Support Files/Pods-RKExtensions-ObjC/Pods-RKExtensions-ObjC-frameworks.sh",
				"${BUILT_PRODUCTS_DIR}/Masonry/Masonry.framework",
				"${BUILT_PRODUCTS_DIR}/RKRuntime/RKRuntime.framework",
			);
			name = "[CP] Embed Pods Frameworks";
			outputPaths = (
				"${TARGET_BUILD_DIR}/${FRAMEWORKS_FOLDER_PATH}/Masonry.framework",
				"${TARGET_BUILD_DIR}/${FRAMEWORKS_FOLDER_PATH}/RKRuntime.framework",
			);
			runOnlyForDeploymentPostprocessing = 0;
			shellPath = /bin/sh;
			shellScript = "\"${SRCROOT}/../Pods/Target Support Files/Pods-RKExtensions-ObjC/Pods-RKExtensions-ObjC-frameworks.sh\"\n";
			showEnvVarsInLog = 0;
		};
		FF329348A6CA5B0A5A0E283E /* [CP] Embed Pods Frameworks */ = {
			isa = PBXShellScriptBuildPhase;
			buildActionMask = 2147483647;
			files = (
			);
			inputPaths = (
				"${SRCROOT}/../Pods/Target Support Files/Pods-RKExtensions-Swift/Pods-RKExtensions-Swift-frameworks.sh",
				"${BUILT_PRODUCTS_DIR}/SnapKit/SnapKit.framework",
			);
			name = "[CP] Embed Pods Frameworks";
			outputPaths = (
				"${TARGET_BUILD_DIR}/${FRAMEWORKS_FOLDER_PATH}/SnapKit.framework",
			);
			runOnlyForDeploymentPostprocessing = 0;
			shellPath = /bin/sh;
			shellScript = "\"${SRCROOT}/../Pods/Target Support Files/Pods-RKExtensions-Swift/Pods-RKExtensions-Swift-frameworks.sh\"\n";
			showEnvVarsInLog = 0;
		};
/* End PBXShellScriptBuildPhase section */

/* Begin PBXSourcesBuildPhase section */
		E96ED0EC20C42975004D5097 /* Sources */ = {
			isa = PBXSourcesBuildPhase;
			buildActionMask = 2147483647;
			files = (
				E91E054320ECC66000B4ABC5 /* UIImage+RKExtension.m in Sources */,
				E96ED12D20C4306B004D5097 /* UIView+RKExtension.m in Sources */,
				E91E054720ECC7F300B4ABC5 /* UIColor+RKExtension.m in Sources */,
				E96ED0F720C42975004D5097 /* ViewController.m in Sources */,
				E96ED13320C4328A004D5097 /* RKNavigationController.m in Sources */,
				E96ED12C20C4306B004D5097 /* NSArray+RKExtension.m in Sources */,
				E9D45E8820CD2B97008E1AB9 /* TestCategoryViewController.m in Sources */,
				E96ED13620C4354F004D5097 /* RKTabBarController.m in Sources */,
				E9A2D0A821899FDA0065692A /* UIDevice+RKMachineModel.m in Sources */,
				E96ED13F20C43897004D5097 /* RKTextField.m in Sources */,
				E96ED13C20C43865004D5097 /* RKLabel.m in Sources */,
				E96ED14520C43937004D5097 /* NSString+RKExtension.m in Sources */,
				E96ED10220C42976004D5097 /* main.m in Sources */,
				E96ED13020C430DD004D5097 /* RKButton.m in Sources */,
				E96ED0F420C42975004D5097 /* AppDelegate.m in Sources */,
				E96ED13920C436E4004D5097 /* RKViewController.m in Sources */,
				E96ED14220C43901004D5097 /* NSData+RKExtension.m in Sources */,
				E91E054A20ECCC1B00B4ABC5 /* RKCoverView.m in Sources */,
			);
			runOnlyForDeploymentPostprocessing = 0;
		};
		E96ED10620C42998004D5097 /* Sources */ = {
			isa = PBXSourcesBuildPhase;
			buildActionMask = 2147483647;
			files = (
				E91E1A7320F251AA00A819C1 /* String+RKExtension.swift in Sources */,
				E96ED10F20C42998004D5097 /* ViewController.swift in Sources */,
				E96ED10D20C42998004D5097 /* AppDelegate.swift in Sources */,
				E91E1A7520F251F800A819C1 /* RKPrefixHeader.swift in Sources */,
				E912345E20F73BCD00E7C599 /* RKNavigationController.swift in Sources */,
				E912345C20F7346900E7C599 /* RKTabBarController.swift in Sources */,
				E912346020F748BA00E7C599 /* RKViewController.swift in Sources */,
			);
			runOnlyForDeploymentPostprocessing = 0;
		};
/* End PBXSourcesBuildPhase section */

/* Begin PBXVariantGroup section */
		E96ED0F820C42975004D5097 /* Main.storyboard */ = {
			isa = PBXVariantGroup;
			children = (
				E96ED0F920C42975004D5097 /* Base */,
			);
			name = Main.storyboard;
			sourceTree = "<group>";
		};
		E96ED0FD20C42976004D5097 /* LaunchScreen.storyboard */ = {
			isa = PBXVariantGroup;
			children = (
				E96ED0FE20C42976004D5097 /* Base */,
			);
			name = LaunchScreen.storyboard;
			sourceTree = "<group>";
		};
		E96ED11020C42998004D5097 /* Main.storyboard */ = {
			isa = PBXVariantGroup;
			children = (
				E96ED11120C42998004D5097 /* Base */,
			);
			name = Main.storyboard;
			sourceTree = "<group>";
		};
		E96ED11520C42999004D5097 /* LaunchScreen.storyboard */ = {
			isa = PBXVariantGroup;
			children = (
				E96ED11620C42999004D5097 /* Base */,
			);
			name = LaunchScreen.storyboard;
			sourceTree = "<group>";
		};
/* End PBXVariantGroup section */

/* Begin XCBuildConfiguration section */
		E96ED0E120C42718004D5097 /* Debug */ = {
			isa = XCBuildConfiguration;
			buildSettings = {
				ALWAYS_SEARCH_USER_PATHS = NO;
				CLANG_ANALYZER_NONNULL = YES;
				CLANG_ANALYZER_NUMBER_OBJECT_CONVERSION = YES_AGGRESSIVE;
				CLANG_CXX_LANGUAGE_STANDARD = "gnu++14";
				CLANG_CXX_LIBRARY = "libc++";
				CLANG_ENABLE_MODULES = YES;
				CLANG_ENABLE_OBJC_ARC = YES;
				CLANG_ENABLE_OBJC_WEAK = YES;
				CLANG_WARN_BLOCK_CAPTURE_AUTORELEASING = YES;
				CLANG_WARN_BOOL_CONVERSION = YES;
				CLANG_WARN_COMMA = YES;
				CLANG_WARN_CONSTANT_CONVERSION = YES;
				CLANG_WARN_DEPRECATED_OBJC_IMPLEMENTATIONS = YES;
				CLANG_WARN_DIRECT_OBJC_ISA_USAGE = YES_ERROR;
				CLANG_WARN_DOCUMENTATION_COMMENTS = YES;
				CLANG_WARN_EMPTY_BODY = YES;
				CLANG_WARN_ENUM_CONVERSION = YES;
				CLANG_WARN_INFINITE_RECURSION = YES;
				CLANG_WARN_INT_CONVERSION = YES;
				CLANG_WARN_NON_LITERAL_NULL_CONVERSION = YES;
				CLANG_WARN_OBJC_IMPLICIT_RETAIN_SELF = YES;
				CLANG_WARN_OBJC_LITERAL_CONVERSION = YES;
				CLANG_WARN_OBJC_ROOT_CLASS = YES_ERROR;
				CLANG_WARN_RANGE_LOOP_ANALYSIS = YES;
				CLANG_WARN_STRICT_PROTOTYPES = YES;
				CLANG_WARN_SUSPICIOUS_MOVE = YES;
				CLANG_WARN_UNGUARDED_AVAILABILITY = YES_AGGRESSIVE;
				CLANG_WARN_UNREACHABLE_CODE = YES;
				CLANG_WARN__DUPLICATE_METHOD_MATCH = YES;
				CODE_SIGN_IDENTITY = "iPhone Developer";
				COPY_PHASE_STRIP = NO;
				DEBUG_INFORMATION_FORMAT = dwarf;
				ENABLE_STRICT_OBJC_MSGSEND = YES;
				ENABLE_TESTABILITY = YES;
				GCC_C_LANGUAGE_STANDARD = gnu11;
				GCC_DYNAMIC_NO_PIC = NO;
				GCC_NO_COMMON_BLOCKS = YES;
				GCC_OPTIMIZATION_LEVEL = 0;
				GCC_PREPROCESSOR_DEFINITIONS = (
					"DEBUG=1",
					"$(inherited)",
				);
				GCC_WARN_64_TO_32_BIT_CONVERSION = YES;
				GCC_WARN_ABOUT_RETURN_TYPE = YES_ERROR;
				GCC_WARN_UNDECLARED_SELECTOR = YES;
				GCC_WARN_UNINITIALIZED_AUTOS = YES_AGGRESSIVE;
				GCC_WARN_UNUSED_FUNCTION = YES;
				GCC_WARN_UNUSED_VARIABLE = YES;
				IPHONEOS_DEPLOYMENT_TARGET = 11.4;
				MTL_ENABLE_DEBUG_INFO = YES;
				ONLY_ACTIVE_ARCH = YES;
				SDKROOT = iphoneos;
				SWIFT_ACTIVE_COMPILATION_CONDITIONS = DEBUG;
				SWIFT_OPTIMIZATION_LEVEL = "-Onone";
			};
			name = Debug;
		};
		E96ED0E220C42718004D5097 /* Release */ = {
			isa = XCBuildConfiguration;
			buildSettings = {
				ALWAYS_SEARCH_USER_PATHS = NO;
				CLANG_ANALYZER_NONNULL = YES;
				CLANG_ANALYZER_NUMBER_OBJECT_CONVERSION = YES_AGGRESSIVE;
				CLANG_CXX_LANGUAGE_STANDARD = "gnu++14";
				CLANG_CXX_LIBRARY = "libc++";
				CLANG_ENABLE_MODULES = YES;
				CLANG_ENABLE_OBJC_ARC = YES;
				CLANG_ENABLE_OBJC_WEAK = YES;
				CLANG_WARN_BLOCK_CAPTURE_AUTORELEASING = YES;
				CLANG_WARN_BOOL_CONVERSION = YES;
				CLANG_WARN_COMMA = YES;
				CLANG_WARN_CONSTANT_CONVERSION = YES;
				CLANG_WARN_DEPRECATED_OBJC_IMPLEMENTATIONS = YES;
				CLANG_WARN_DIRECT_OBJC_ISA_USAGE = YES_ERROR;
				CLANG_WARN_DOCUMENTATION_COMMENTS = YES;
				CLANG_WARN_EMPTY_BODY = YES;
				CLANG_WARN_ENUM_CONVERSION = YES;
				CLANG_WARN_INFINITE_RECURSION = YES;
				CLANG_WARN_INT_CONVERSION = YES;
				CLANG_WARN_NON_LITERAL_NULL_CONVERSION = YES;
				CLANG_WARN_OBJC_IMPLICIT_RETAIN_SELF = YES;
				CLANG_WARN_OBJC_LITERAL_CONVERSION = YES;
				CLANG_WARN_OBJC_ROOT_CLASS = YES_ERROR;
				CLANG_WARN_RANGE_LOOP_ANALYSIS = YES;
				CLANG_WARN_STRICT_PROTOTYPES = YES;
				CLANG_WARN_SUSPICIOUS_MOVE = YES;
				CLANG_WARN_UNGUARDED_AVAILABILITY = YES_AGGRESSIVE;
				CLANG_WARN_UNREACHABLE_CODE = YES;
				CLANG_WARN__DUPLICATE_METHOD_MATCH = YES;
				CODE_SIGN_IDENTITY = "iPhone Developer";
				COPY_PHASE_STRIP = NO;
				DEBUG_INFORMATION_FORMAT = "dwarf-with-dsym";
				ENABLE_NS_ASSERTIONS = NO;
				ENABLE_STRICT_OBJC_MSGSEND = YES;
				GCC_C_LANGUAGE_STANDARD = gnu11;
				GCC_NO_COMMON_BLOCKS = YES;
				GCC_WARN_64_TO_32_BIT_CONVERSION = YES;
				GCC_WARN_ABOUT_RETURN_TYPE = YES_ERROR;
				GCC_WARN_UNDECLARED_SELECTOR = YES;
				GCC_WARN_UNINITIALIZED_AUTOS = YES_AGGRESSIVE;
				GCC_WARN_UNUSED_FUNCTION = YES;
				GCC_WARN_UNUSED_VARIABLE = YES;
				IPHONEOS_DEPLOYMENT_TARGET = 11.4;
				MTL_ENABLE_DEBUG_INFO = NO;
				SDKROOT = iphoneos;
				SWIFT_COMPILATION_MODE = wholemodule;
				SWIFT_OPTIMIZATION_LEVEL = "-O";
				VALIDATE_PRODUCT = YES;
			};
			name = Release;
		};
		E96ED10420C42976004D5097 /* Debug */ = {
			isa = XCBuildConfiguration;
			baseConfigurationReference = 498AB96BB449B121323586F1 /* Pods-RKExtensions-ObjC.debug.xcconfig */;
			buildSettings = {
				ASSETCATALOG_COMPILER_APPICON_NAME = AppIcon;
				CODE_SIGN_IDENTITY = "iPhone Developer";
				CODE_SIGN_STYLE = Automatic;
				DEVELOPMENT_TEAM = WF2WR8WQT5;
				GCC_PREFIX_HEADER = "$(SRCROOT)/RKExtensions-ObjC/PrefixHeader.pch";
				INFOPLIST_FILE = "RKExtensions-ObjC/Info.plist";
				IPHONEOS_DEPLOYMENT_TARGET = 9.0;
				LD_RUNPATH_SEARCH_PATHS = (
					"$(inherited)",
					"@executable_path/Frameworks",
				);
				PRODUCT_BUNDLE_IDENTIFIER = "com.peizhuo.RKExtensions-ObjC";
				PRODUCT_NAME = "$(TARGET_NAME)";
				PROVISIONING_PROFILE_SPECIFIER = "";
				TARGETED_DEVICE_FAMILY = "1,2";
			};
			name = Debug;
		};
		E96ED10520C42976004D5097 /* Release */ = {
			isa = XCBuildConfiguration;
			baseConfigurationReference = 5EC0EADFCD4D24B302733C51 /* Pods-RKExtensions-ObjC.release.xcconfig */;
			buildSettings = {
				ASSETCATALOG_COMPILER_APPICON_NAME = AppIcon;
				CODE_SIGN_IDENTITY = "iPhone Developer";
				CODE_SIGN_STYLE = Automatic;
				DEVELOPMENT_TEAM = WF2WR8WQT5;
				GCC_PREFIX_HEADER = "$(SRCROOT)/RKExtensions-ObjC/PrefixHeader.pch";
				INFOPLIST_FILE = "RKExtensions-ObjC/Info.plist";
				IPHONEOS_DEPLOYMENT_TARGET = 9.0;
				LD_RUNPATH_SEARCH_PATHS = (
					"$(inherited)",
					"@executable_path/Frameworks",
				);
				PRODUCT_BUNDLE_IDENTIFIER = "com.peizhuo.RKExtensions-ObjC";
				PRODUCT_NAME = "$(TARGET_NAME)";
				PROVISIONING_PROFILE_SPECIFIER = "";
				TARGETED_DEVICE_FAMILY = "1,2";
			};
			name = Release;
		};
		E96ED11A20C42999004D5097 /* Debug */ = {
			isa = XCBuildConfiguration;
			baseConfigurationReference = CC4F9CF706AE58914ECEB942 /* Pods-RKExtensions-Swift.debug.xcconfig */;
			buildSettings = {
				ASSETCATALOG_COMPILER_APPICON_NAME = AppIcon;
				CODE_SIGN_STYLE = Automatic;
				DEVELOPMENT_TEAM = WF2WR8WQT5;
				INFOPLIST_FILE = "RKExtensions-Swift/Info.plist";
				IPHONEOS_DEPLOYMENT_TARGET = 9.0;
				LD_RUNPATH_SEARCH_PATHS = (
					"$(inherited)",
					"@executable_path/Frameworks",
				);
				PRODUCT_BUNDLE_IDENTIFIER = "com.peizhuo.RKExtensions-Swift";
				PRODUCT_NAME = "$(TARGET_NAME)";
				SWIFT_VERSION = 4.2;
				TARGETED_DEVICE_FAMILY = "1,2";
			};
			name = Debug;
		};
		E96ED11B20C42999004D5097 /* Release */ = {
			isa = XCBuildConfiguration;
			baseConfigurationReference = F5CBD57704011AC4DED7AB61 /* Pods-RKExtensions-Swift.release.xcconfig */;
			buildSettings = {
				ASSETCATALOG_COMPILER_APPICON_NAME = AppIcon;
				CODE_SIGN_STYLE = Automatic;
				DEVELOPMENT_TEAM = WF2WR8WQT5;
				INFOPLIST_FILE = "RKExtensions-Swift/Info.plist";
				IPHONEOS_DEPLOYMENT_TARGET = 9.0;
				LD_RUNPATH_SEARCH_PATHS = (
					"$(inherited)",
					"@executable_path/Frameworks",
				);
				PRODUCT_BUNDLE_IDENTIFIER = "com.peizhuo.RKExtensions-Swift";
				PRODUCT_NAME = "$(TARGET_NAME)";
				SWIFT_VERSION = 4.2;
				TARGETED_DEVICE_FAMILY = "1,2";
			};
			name = Release;
		};
/* End XCBuildConfiguration section */

/* Begin XCConfigurationList section */
		E96ED0CC20C42716004D5097 /* Build configuration list for PBXProject "RKExtensions" */ = {
			isa = XCConfigurationList;
			buildConfigurations = (
				E96ED0E120C42718004D5097 /* Debug */,
				E96ED0E220C42718004D5097 /* Release */,
			);
			defaultConfigurationIsVisible = 0;
			defaultConfigurationName = Release;
		};
		E96ED10320C42976004D5097 /* Build configuration list for PBXNativeTarget "RKExtensions-ObjC" */ = {
			isa = XCConfigurationList;
			buildConfigurations = (
				E96ED10420C42976004D5097 /* Debug */,
				E96ED10520C42976004D5097 /* Release */,
			);
			defaultConfigurationIsVisible = 0;
			defaultConfigurationName = Release;
		};
		E96ED11920C42999004D5097 /* Build configuration list for PBXNativeTarget "RKExtensions-Swift" */ = {
			isa = XCConfigurationList;
			buildConfigurations = (
				E96ED11A20C42999004D5097 /* Debug */,
				E96ED11B20C42999004D5097 /* Release */,
			);
			defaultConfigurationIsVisible = 0;
			defaultConfigurationName = Release;
		};
/* End XCConfigurationList section */
	};
	rootObject = E96ED0C920C42716004D5097 /* Project object */;
}
